
Microsoft Visual Studio Solution File, Format Version 12.00
# Visual Studio 15
VisualStudioVersion = 15.0.26730.3
MinimumVisualStudioVersion = 10.0.40219.1
Project("{2150E333-8FDC-42A3-9474-1A3956D46DE8}") = "2.Application", "2.Application", "{C16876BA-35BA-40C3-A2AD-54B98B953EA2}"
EndProject
Project("{2150E333-8FDC-42A3-9474-1A3956D46DE8}") = "3.Handler", "3.Handler", "{B9176B87-3384-458D-BF56-8C243816C6BE}"
EndProject
Project("{2150E333-8FDC-42A3-9474-1A3956D46DE8}") = "4.QueryService", "4.QueryService", "{2F33AD39-55B8-4C7B-92CB-86C33B9C2BE5}"
EndProject
Project("{2150E333-8FDC-42A3-9474-1A3956D46DE8}") = "5.Message", "5.Message", "{A594C9B6-7DBA-4D30-94CF-52762770C296}"
EndProject
Project("{2150E333-8FDC-42A3-9474-1A3956D46DE8}") = "6.Domain", "6.Domain", "{828D9E47-2404-4AA9-AAAB-A406C736F6B7}"
EndProject
Project("{2150E333-8FDC-42A3-9474-1A3956D46DE8}") = "7.Repository", "7.Repository", "{EC999CEE-A008-4CC3-AEE8-9E7060CFDDAC}"
EndProject
Project("{2150E333-8FDC-42A3-9474-1A3956D46DE8}") = "8.Infrastructure", "8.Infrastructure", "{8B5E0AA2-C47A-429A-93ED-F6A6489DEB6D}"
EndProject
Project("{FAE04EC0-301F-11D3-BF4B-00C04F79EFBC}") = "ITJob.Domain", "ITJob.Domain\ITJob.Domain.csproj", "{3E5EBA0C-E1CF-4442-BD36-89622AC1CBDB}"
EndProject
Project("{FAE04EC0-301F-11D3-BF4B-00C04F79EFBC}") = "ITJob.Repository", "ITJob.Repository\ITJob.Repository.csproj", "{222FC03A-3B31-489C-9DEB-681295733AF4}"
EndProject
Project("{FAE04EC0-301F-11D3-BF4B-00C04F79EFBC}") = "ITJob.EntityFramework.Read", "ITJob.EntityFramework.Read\ITJob.EntityFramework.Read.csproj", "{69B4EFB1-D479-4B2F-BAAC-DB1B41318F81}"
EndProject
Project("{FAE04EC0-301F-11D3-BF4B-00C04F79EFBC}") = "ITJob.EntityFramework.Read.Implement", "ITJob.EntityFramework.Read.Implement\ITJob.EntityFramework.Read.Implement.csproj", "{97901F71-7E27-4A88-A754-7613BE874132}"
EndProject
Project("{FAE04EC0-301F-11D3-BF4B-00C04F79EFBC}") = "ITJob.EntityFramework.Write", "ITJob.EntityFramework.Write\ITJob.EntityFramework.Write.csproj", "{0AEB129C-A1C9-423D-93A4-741C71953E87}"
EndProject
Project("{FAE04EC0-301F-11D3-BF4B-00C04F79EFBC}") = "ITJob.EntityFramework.Write.Implement", "ITJob.EntityFramework.Write.Implement\ITJob.EntityFramework.Write.Implement.csproj", "{843820F5-C11C-4E2F-8CCB-A07E4B6024EC}"
EndProject
Project("{FAE04EC0-301F-11D3-BF4B-00C04F79EFBC}") = "ITJob.CommandHandler", "ITJob.CommandHandler\ITJob.CommandHandler.csproj", "{3AD4E4D3-0231-4269-A816-8D736E0B1E0B}"
EndProject
Project("{FAE04EC0-301F-11D3-BF4B-00C04F79EFBC}") = "ITJob.QueryService.Interface", "ITJob.QueryService.Interface\ITJob.QueryService.Interface.csproj", "{78B8A243-BE82-4C58-AB6C-77DB1F2ED47F}"
EndProject
Project("{FAE04EC0-301F-11D3-BF4B-00C04F79EFBC}") = "ITJob.QueryService.Implement", "ITJob.QueryService.Implement\ITJob.QueryService.Implement.csproj", "{CB1D9F21-BE06-4828-AD7E-010008099691}"
EndProject
Project("{FAE04EC0-301F-11D3-BF4B-00C04F79EFBC}") = "ITJob.Message.Command", "ITJob.Message.Command\ITJob.Message.Command.csproj", "{E05E5A07-D528-4E11-B902-4066647D3DE5}"
EndProject
Project("{FAE04EC0-301F-11D3-BF4B-00C04F79EFBC}") = "ITJob.Message.QueryModel", "ITJob.Message.QueryModel\ITJob.Message.QueryModel.csproj", "{D2720864-850B-473A-AE6A-98F924275BCE}"
EndProject
Project("{FAE04EC0-301F-11D3-BF4B-00C04F79EFBC}") = "ITJob.Infrastructure", "ITJob.Infrastructure\ITJob.Infrastructure.csproj", "{DC7E2227-250F-43FD-898C-09E5A16A4059}"
EndProject
Project("{FAE04EC0-301F-11D3-BF4B-00C04F79EFBC}") = "ITJob.Advertisement.Api.Host", "ITJob.Advertisement.Api.Host\ITJob.Advertisement.Api.Host.csproj", "{C1178C2C-D295-4182-BD24-755122DDFE91}"
EndProject
Global
	GlobalSection(SolutionConfigurationPlatforms) = preSolution
		Debug|Any CPU = Debug|Any CPU
		Release|Any CPU = Release|Any CPU
	EndGlobalSection
	GlobalSection(ProjectConfigurationPlatforms) = postSolution
		{3E5EBA0C-E1CF-4442-BD36-89622AC1CBDB}.Debug|Any CPU.ActiveCfg = Debug|Any CPU
		{3E5EBA0C-E1CF-4442-BD36-89622AC1CBDB}.Debug|Any CPU.Build.0 = Debug|Any CPU
		{3E5EBA0C-E1CF-4442-BD36-89622AC1CBDB}.Release|Any CPU.ActiveCfg = Release|Any CPU
		{3E5EBA0C-E1CF-4442-BD36-89622AC1CBDB}.Release|Any CPU.Build.0 = Release|Any CPU
		{222FC03A-3B31-489C-9DEB-681295733AF4}.Debug|Any CPU.ActiveCfg = Debug|Any CPU
		{222FC03A-3B31-489C-9DEB-681295733AF4}.Debug|Any CPU.Build.0 = Debug|Any CPU
		{222FC03A-3B31-489C-9DEB-681295733AF4}.Release|Any CPU.ActiveCfg = Release|Any CPU
		{222FC03A-3B31-489C-9DEB-681295733AF4}.Release|Any CPU.Build.0 = Release|Any CPU
		{69B4EFB1-D479-4B2F-BAAC-DB1B41318F81}.Debug|Any CPU.ActiveCfg = Debug|Any CPU
		{69B4EFB1-D479-4B2F-BAAC-DB1B41318F81}.Debug|Any CPU.Build.0 = Debug|Any CPU
		{69B4EFB1-D479-4B2F-BAAC-DB1B41318F81}.Release|Any CPU.ActiveCfg = Release|Any CPU
		{69B4EFB1-D479-4B2F-BAAC-DB1B41318F81}.Release|Any CPU.Build.0 = Release|Any CPU
		{97901F71-7E27-4A88-A754-7613BE874132}.Debug|Any CPU.ActiveCfg = Debug|Any CPU
		{97901F71-7E27-4A88-A754-7613BE874132}.Debug|Any CPU.Build.0 = Debug|Any CPU
		{97901F71-7E27-4A88-A754-7613BE874132}.Release|Any CPU.ActiveCfg = Release|Any CPU
		{97901F71-7E27-4A88-A754-7613BE874132}.Release|Any CPU.Build.0 = Release|Any CPU
		{0AEB129C-A1C9-423D-93A4-741C71953E87}.Debug|Any CPU.ActiveCfg = Debug|Any CPU
		{0AEB129C-A1C9-423D-93A4-741C71953E87}.Debug|Any CPU.Build.0 = Debug|Any CPU
		{0AEB129C-A1C9-423D-93A4-741C71953E87}.Release|Any CPU.ActiveCfg = Release|Any CPU
		{0AEB129C-A1C9-423D-93A4-741C71953E87}.Release|Any CPU.Build.0 = Release|Any CPU
		{843820F5-C11C-4E2F-8CCB-A07E4B6024EC}.Debug|Any CPU.ActiveCfg = Debug|Any CPU
		{843820F5-C11C-4E2F-8CCB-A07E4B6024EC}.Debug|Any CPU.Build.0 = Debug|Any CPU
		{843820F5-C11C-4E2F-8CCB-A07E4B6024EC}.Release|Any CPU.ActiveCfg = Release|Any CPU
		{843820F5-C11C-4E2F-8CCB-A07E4B6024EC}.Release|Any CPU.Build.0 = Release|Any CPU
		{3AD4E4D3-0231-4269-A816-8D736E0B1E0B}.Debug|Any CPU.ActiveCfg = Debug|Any CPU
		{3AD4E4D3-0231-4269-A816-8D736E0B1E0B}.Debug|Any CPU.Build.0 = Debug|Any CPU
		{3AD4E4D3-0231-4269-A816-8D736E0B1E0B}.Release|Any CPU.ActiveCfg = Release|Any CPU
		{3AD4E4D3-0231-4269-A816-8D736E0B1E0B}.Release|Any CPU.Build.0 = Release|Any CPU
		{78B8A243-BE82-4C58-AB6C-77DB1F2ED47F}.Debug|Any CPU.ActiveCfg = Debug|Any CPU
		{78B8A243-BE82-4C58-AB6C-77DB1F2ED47F}.Debug|Any CPU.Build.0 = Debug|Any CPU
		{78B8A243-BE82-4C58-AB6C-77DB1F2ED47F}.Release|Any CPU.ActiveCfg = Release|Any CPU
		{78B8A243-BE82-4C58-AB6C-77DB1F2ED47F}.Release|Any CPU.Build.0 = Release|Any CPU
		{CB1D9F21-BE06-4828-AD7E-010008099691}.Debug|Any CPU.ActiveCfg = Debug|Any CPU
		{CB1D9F21-BE06-4828-AD7E-010008099691}.Debug|Any CPU.Build.0 = Debug|Any CPU
		{CB1D9F21-BE06-4828-AD7E-010008099691}.Release|Any CPU.ActiveCfg = Release|Any CPU
		{CB1D9F21-BE06-4828-AD7E-010008099691}.Release|Any CPU.Build.0 = Release|Any CPU
		{E05E5A07-D528-4E11-B902-4066647D3DE5}.Debug|Any CPU.ActiveCfg = Debug|Any CPU
		{E05E5A07-D528-4E11-B902-4066647D3DE5}.Debug|Any CPU.Build.0 = Debug|Any CPU
		{E05E5A07-D528-4E11-B902-4066647D3DE5}.Release|Any CPU.ActiveCfg = Release|Any CPU
		{E05E5A07-D528-4E11-B902-4066647D3DE5}.Release|Any CPU.Build.0 = Release|Any CPU
		{D2720864-850B-473A-AE6A-98F924275BCE}.Debug|Any CPU.ActiveCfg = Debug|Any CPU
		{D2720864-850B-473A-AE6A-98F924275BCE}.Debug|Any CPU.Build.0 = Debug|Any CPU
		{D2720864-850B-473A-AE6A-98F924275BCE}.Release|Any CPU.ActiveCfg = Release|Any CPU
		{D2720864-850B-473A-AE6A-98F924275BCE}.Release|Any CPU.Build.0 = Release|Any CPU
		{DC7E2227-250F-43FD-898C-09E5A16A4059}.Debug|Any CPU.ActiveCfg = Debug|Any CPU
		{DC7E2227-250F-43FD-898C-09E5A16A4059}.Debug|Any CPU.Build.0 = Debug|Any CPU
		{DC7E2227-250F-43FD-898C-09E5A16A4059}.Release|Any CPU.ActiveCfg = Release|Any CPU
		{DC7E2227-250F-43FD-898C-09E5A16A4059}.Release|Any CPU.Build.0 = Release|Any CPU
		{C1178C2C-D295-4182-BD24-755122DDFE91}.Debug|Any CPU.ActiveCfg = Debug|Any CPU
		{C1178C2C-D295-4182-BD24-755122DDFE91}.Debug|Any CPU.Build.0 = Debug|Any CPU
		{C1178C2C-D295-4182-BD24-755122DDFE91}.Release|Any CPU.ActiveCfg = Release|Any CPU
		{C1178C2C-D295-4182-BD24-755122DDFE91}.Release|Any CPU.Build.0 = Release|Any CPU
	EndGlobalSection
	GlobalSection(SolutionProperties) = preSolution
		HideSolutionNode = FALSE
	EndGlobalSection
	GlobalSection(NestedProjects) = preSolution
		{3E5EBA0C-E1CF-4442-BD36-89622AC1CBDB} = {828D9E47-2404-4AA9-AAAB-A406C736F6B7}
		{222FC03A-3B31-489C-9DEB-681295733AF4} = {EC999CEE-A008-4CC3-AEE8-9E7060CFDDAC}
		{69B4EFB1-D479-4B2F-BAAC-DB1B41318F81} = {EC999CEE-A008-4CC3-AEE8-9E7060CFDDAC}
		{97901F71-7E27-4A88-A754-7613BE874132} = {EC999CEE-A008-4CC3-AEE8-9E7060CFDDAC}
		{0AEB129C-A1C9-423D-93A4-741C71953E87} = {EC999CEE-A008-4CC3-AEE8-9E7060CFDDAC}
		{843820F5-C11C-4E2F-8CCB-A07E4B6024EC} = {EC999CEE-A008-4CC3-AEE8-9E7060CFDDAC}
		{3AD4E4D3-0231-4269-A816-8D736E0B1E0B} = {B9176B87-3384-458D-BF56-8C243816C6BE}
		{78B8A243-BE82-4C58-AB6C-77DB1F2ED47F} = {2F33AD39-55B8-4C7B-92CB-86C33B9C2BE5}
		{CB1D9F21-BE06-4828-AD7E-010008099691} = {2F33AD39-55B8-4C7B-92CB-86C33B9C2BE5}
		{E05E5A07-D528-4E11-B902-4066647D3DE5} = {A594C9B6-7DBA-4D30-94CF-52762770C296}
		{D2720864-850B-473A-AE6A-98F924275BCE} = {A594C9B6-7DBA-4D30-94CF-52762770C296}
		{DC7E2227-250F-43FD-898C-09E5A16A4059} = {8B5E0AA2-C47A-429A-93ED-F6A6489DEB6D}
		{C1178C2C-D295-4182-BD24-755122DDFE91} = {C16876BA-35BA-40C3-A2AD-54B98B953EA2}
	EndGlobalSection
	GlobalSection(ExtensibilityGlobals) = postSolution
		SolutionGuid = {6FC8EE93-C5AB-4E5B-849B-8BAD6C133C79}
	EndGlobalSection
EndGlobal
